
Microsoft Visual Studio Solution File, Format Version 12.00
# Visual Studio Version 16
VisualStudioVersion = 16.0.30907.101
MinimumVisualStudioVersion = 10.0.40219.1
Project("{FAE04EC0-301F-11D3-BF4B-00C04F79EFBC}") = "Coba1", "Coba1\Coba1.csproj", "{72FFF37C-F058-402C-9019-7EEDE9A9819B}"
EndProject
Global
	GlobalSection(SolutionConfigurationPlatforms) = preSolution
		Debug|Any CPU = Debug|Any CPU
		Release|Any CPU = Release|Any CPU
	EndGlobalSection
	GlobalSection(ProjectConfigurationPlatforms) = postSolution
		{72FFF37C-F058-402C-9019-7EEDE9A9819B}.Debug|Any CPU.ActiveCfg = Debug|Any CPU
		{72FFF37C-F058-402C-9019-7EEDE9A9819B}.Debug|Any CPU.Build.0 = Debug|Any CPU
		{72FFF37C-F058-402C-9019-7EEDE9A9819B}.Release|Any CPU.ActiveCfg = Release|Any CPU
		{72FFF37C-F058-402C-9019-7EEDE9A9819B}.Release|Any CPU.Build.0 = Release|Any CPU
	EndGlobalSection
	GlobalSection(SolutionProperties) = preSolution
		HideSolutionNode = FALSE
	EndGlobalSection
	GlobalSection(ExtensibilityGlobals) = postSolution
		SolutionGuid = {39826AEC-6FD7-4863-ADD6-9066EDA7DA5F}
	EndGlobalSection
EndGlobal
